
Microsoft Visual Studio Solution File, Format Version 12.00
# Visual Studio Version 17
VisualStudioVersion = 17.0.31903.59
MinimumVisualStudioVersion = 10.0.40219.1
Project("{9A19103F-16F7-4668-BE54-9A1E7A4F7556}") = "FaxCore.Ev6.RestClient", "FaxCore.Ev6.RestClient\FaxCore.Ev6.RestClient.csproj", "{2ECA7E76-6607-44CA-B3DF-D769979B8448}"
EndProject
Project("{9A19103F-16F7-4668-BE54-9A1E7A4F7556}") = "FaxCore.Sandbox", "FaxCore.Sandbox\FaxCore.Sandbox.csproj", "{864A5D8D-96A4-4105-8994-ED705E169824}"
EndProject
Project("{FAE04EC0-301F-11D3-BF4B-00C04F79EFBC}") = "FaxCore.Ev6.Test.Net7", "FaxCore.Ev6.Test.Net7\FaxCore.Ev6.Test.Net7.csproj", "{A983895E-D476-4910-B4AC-F8A16674283D}"
EndProject
Global
	GlobalSection(SolutionConfigurationPlatforms) = preSolution
		Debug|Any CPU = Debug|Any CPU
		Release|Any CPU = Release|Any CPU
	EndGlobalSection
	GlobalSection(ProjectConfigurationPlatforms) = postSolution
		{2ECA7E76-6607-44CA-B3DF-D769979B8448}.Debug|Any CPU.ActiveCfg = Debug|Any CPU
		{2ECA7E76-6607-44CA-B3DF-D769979B8448}.Debug|Any CPU.Build.0 = Debug|Any CPU
		{2ECA7E76-6607-44CA-B3DF-D769979B8448}.Release|Any CPU.ActiveCfg = Release|Any CPU
		{2ECA7E76-6607-44CA-B3DF-D769979B8448}.Release|Any CPU.Build.0 = Release|Any CPU
		{864A5D8D-96A4-4105-8994-ED705E169824}.Debug|Any CPU.ActiveCfg = Debug|Any CPU
		{864A5D8D-96A4-4105-8994-ED705E169824}.Release|Any CPU.ActiveCfg = Release|Any CPU
		{864A5D8D-96A4-4105-8994-ED705E169824}.Release|Any CPU.Build.0 = Release|Any CPU
		{864A5D8D-96A4-4105-8994-ED705E169824}.Debug|Any CPU.Build.0 = Debug|Any CPU
		{A983895E-D476-4910-B4AC-F8A16674283D}.Debug|Any CPU.ActiveCfg = Debug|Any CPU
		{A983895E-D476-4910-B4AC-F8A16674283D}.Debug|Any CPU.Build.0 = Debug|Any CPU
		{A983895E-D476-4910-B4AC-F8A16674283D}.Release|Any CPU.ActiveCfg = Release|Any CPU
		{A983895E-D476-4910-B4AC-F8A16674283D}.Release|Any CPU.Build.0 = Release|Any CPU
	EndGlobalSection
	GlobalSection(SolutionProperties) = preSolution
		HideSolutionNode = FALSE
	EndGlobalSection
	GlobalSection(ExtensibilityGlobals) = postSolution
		SolutionGuid = {A6CC6C30-D96B-4D6F-8113-310EE3F43D97}
	EndGlobalSection
EndGlobal
